
Microsoft Visual Studio Solution File, Format Version 12.00
# Visual Studio 15
VisualStudioVersion = 15.0.28307.421
MinimumVisualStudioVersion = 10.0.40219.1
Project("{FAE04EC0-301F-11D3-BF4B-00C04F79EFBC}") = "TechSummitEchoBot", "TechSummitEchoBot\TechSummitEchoBot.csproj", "{06F7634F-AE93-45F6-B7CC-D9ACC9587D47}"
EndProject
Global
	GlobalSection(SolutionConfigurationPlatforms) = preSolution
		Debug|Any CPU = Debug|Any CPU
		Release|Any CPU = Release|Any CPU
	EndGlobalSection
	GlobalSection(ProjectConfigurationPlatforms) = postSolution
		{06F7634F-AE93-45F6-B7CC-D9ACC9587D47}.Debug|Any CPU.ActiveCfg = Debug|Any CPU
		{06F7634F-AE93-45F6-B7CC-D9ACC9587D47}.Debug|Any CPU.Build.0 = Debug|Any CPU
		{06F7634F-AE93-45F6-B7CC-D9ACC9587D47}.Release|Any CPU.ActiveCfg = Release|Any CPU
		{06F7634F-AE93-45F6-B7CC-D9ACC9587D47}.Release|Any CPU.Build.0 = Release|Any CPU
	EndGlobalSection
	GlobalSection(SolutionProperties) = preSolution
		HideSolutionNode = FALSE
	EndGlobalSection
	GlobalSection(ExtensibilityGlobals) = postSolution
		SolutionGuid = {CAF7EF9D-4E73-4710-B402-B126CF6F8642}
	EndGlobalSection
EndGlobal
